
Microsoft Visual Studio Solution File, Format Version 12.00
# Visual Studio Version 17
VisualStudioVersion = 17.8.34309.116
MinimumVisualStudioVersion = 10.0.40219.1
Project("{9A19103F-16F7-4668-BE54-9A1E7A4F7556}") = "ClinicDesktop", "ClinicDesktop.csproj", "{E588F86A-5D99-42B2-96C0-5A92549DF89A}"
EndProject
Global
	GlobalSection(SolutionConfigurationPlatforms) = preSolution
		Debug|Any CPU = Debug|Any CPU
		Release|Any CPU = Release|Any CPU
	EndGlobalSection
	GlobalSection(ProjectConfigurationPlatforms) = postSolution
		{E588F86A-5D99-42B2-96C0-5A92549DF89A}.Debug|Any CPU.ActiveCfg = Debug|Any CPU
		{E588F86A-5D99-42B2-96C0-5A92549DF89A}.Debug|Any CPU.Build.0 = Debug|Any CPU
		{E588F86A-5D99-42B2-96C0-5A92549DF89A}.Release|Any CPU.ActiveCfg = Release|Any CPU
		{E588F86A-5D99-42B2-96C0-5A92549DF89A}.Release|Any CPU.Build.0 = Release|Any CPU
	EndGlobalSection
	GlobalSection(SolutionProperties) = preSolution
		HideSolutionNode = FALSE
	EndGlobalSection
	GlobalSection(ExtensibilityGlobals) = postSolution
		SolutionGuid = {1309221A-213B-4D53-8DE9-30DDF99E362F}
	EndGlobalSection
EndGlobal
